// !$*UTF8*$!
{
	archiveVersion = 1;
	classes = {
	};
	objectVersion = 50;
	objects = {

/* Begin PBXBuildFile section */
		35837DBF25886B1000A69BE9 /* RoutingHTTPServer.h in Headers */ = {isa = PBXBuildFile; fileRef = 35837DBD25886B1000A69BE9 /* RoutingHTTPServer.h */; settings = {ATTRIBUTES = (Public, ); }; };
		35837DD325886B5100A69BE9 /* RouteRequest.h in Headers */ = {isa = PBXBuildFile; fileRef = 35837DC725886B5100A69BE9 /* RouteRequest.h */; };
		35837DD425886B5100A69BE9 /* RoutingConnection.m in Sources */ = {isa = PBXBuildFile; fileRef = 35837DC825886B5100A69BE9 /* RoutingConnection.m */; };
		35837DD525886B5100A69BE9 /* RouteResponse.m in Sources */ = {isa = PBXBuildFile; fileRef = 35837DC925886B5100A69BE9 /* RouteResponse.m */; };
		35837DD625886B5100A69BE9 /* Route.h in Headers */ = {isa = PBXBuildFile; fileRef = 35837DCA25886B5100A69BE9 /* Route.h */; };
		35837DD725886B5100A69BE9 /* HTTPResponseProxy.h in Headers */ = {isa = PBXBuildFile; fileRef = 35837DCB25886B5100A69BE9 /* HTTPResponseProxy.h */; };
		35837DD825886B5100A69BE9 /* RoutingHTTPServer.m in Sources */ = {isa = PBXBuildFile; fileRef = 35837DCC25886B5100A69BE9 /* RoutingHTTPServer.m */; };
		35837DD925886B5100A69BE9 /* RoutingConnection.h in Headers */ = {isa = PBXBuildFile; fileRef = 35837DCD25886B5100A69BE9 /* RoutingConnection.h */; };
		35837DDA25886B5100A69BE9 /* RouteRequest.m in Sources */ = {isa = PBXBuildFile; fileRef = 35837DCE25886B5100A69BE9 /* RouteRequest.m */; };
		35837DDB25886B5100A69BE9 /* RouteResponse.h in Headers */ = {isa = PBXBuildFile; fileRef = 35837DCF25886B5100A69BE9 /* RouteResponse.h */; };
		35837DDC25886B5100A69BE9 /* HTTPResponseProxy.m in Sources */ = {isa = PBXBuildFile; fileRef = 35837DD025886B5100A69BE9 /* HTTPResponseProxy.m */; };
		35837DDD25886B5100A69BE9 /* Route.m in Sources */ = {isa = PBXBuildFile; fileRef = 35837DD125886B5100A69BE9 /* Route.m */; };
		35837DDE25886B5100A69BE9 /* RoutingHTTPServer.h in Headers */ = {isa = PBXBuildFile; fileRef = 35837DD225886B5100A69BE9 /* RoutingHTTPServer.h */; };
		35837E2725886B5E00A69BE9 /* DAVConnection.m in Sources */ = {isa = PBXBuildFile; fileRef = 35837DE225886B5E00A69BE9 /* DAVConnection.m */; };
		35837E2825886B5E00A69BE9 /* DAVResponse.h in Headers */ = {isa = PBXBuildFile; fileRef = 35837DE325886B5E00A69BE9 /* DAVResponse.h */; };
		35837E2925886B5E00A69BE9 /* DELETEResponse.m in Sources */ = {isa = PBXBuildFile; fileRef = 35837DE425886B5E00A69BE9 /* DELETEResponse.m */; };
		35837E2A25886B5E00A69BE9 /* PUTResponse.h in Headers */ = {isa = PBXBuildFile; fileRef = 35837DE525886B5E00A69BE9 /* PUTResponse.h */; };
		35837E2B25886B5E00A69BE9 /* DAVConnection.h in Headers */ = {isa = PBXBuildFile; fileRef = 35837DE625886B5E00A69BE9 /* DAVConnection.h */; };
		35837E2C25886B5E00A69BE9 /* DAVResponse.m in Sources */ = {isa = PBXBuildFile; fileRef = 35837DE725886B5E00A69BE9 /* DAVResponse.m */; };
		35837E2D25886B5E00A69BE9 /* PUTResponse.m in Sources */ = {isa = PBXBuildFile; fileRef = 35837DE825886B5E00A69BE9 /* PUTResponse.m */; };
		35837E2E25886B5E00A69BE9 /* DELETEResponse.h in Headers */ = {isa = PBXBuildFile; fileRef = 35837DE925886B5E00A69BE9 /* DELETEResponse.h */; };
		35837E2F25886B5E00A69BE9 /* DDTTYLogger.m in Sources */ = {isa = PBXBuildFile; fileRef = 35837DEC25886B5E00A69BE9 /* DDTTYLogger.m */; };
		35837E3025886B5E00A69BE9 /* DDLog.h in Headers */ = {isa = PBXBuildFile; fileRef = 35837DED25886B5E00A69BE9 /* DDLog.h */; };
		35837E3125886B5E00A69BE9 /* DDAbstractDatabaseLogger.h in Headers */ = {isa = PBXBuildFile; fileRef = 35837DEE25886B5E00A69BE9 /* DDAbstractDatabaseLogger.h */; };
		35837E3225886B5E00A69BE9 /* DDASLLogger.m in Sources */ = {isa = PBXBuildFile; fileRef = 35837DEF25886B5E00A69BE9 /* DDASLLogger.m */; };
		35837E3325886B5E00A69BE9 /* DDFileLogger.h in Headers */ = {isa = PBXBuildFile; fileRef = 35837DF025886B5E00A69BE9 /* DDFileLogger.h */; };
		35837E3425886B5E00A69BE9 /* ContextFilterLogFormatter.h in Headers */ = {isa = PBXBuildFile; fileRef = 35837DF225886B5E00A69BE9 /* ContextFilterLogFormatter.h */; };
		35837E3525886B5E00A69BE9 /* DispatchQueueLogFormatter.h in Headers */ = {isa = PBXBuildFile; fileRef = 35837DF325886B5E00A69BE9 /* DispatchQueueLogFormatter.h */; };
		35837E3625886B5E00A69BE9 /* ContextFilterLogFormatter.m in Sources */ = {isa = PBXBuildFile; fileRef = 35837DF425886B5E00A69BE9 /* ContextFilterLogFormatter.m */; };
		35837E3725886B5E00A69BE9 /* DispatchQueueLogFormatter.m in Sources */ = {isa = PBXBuildFile; fileRef = 35837DF525886B5E00A69BE9 /* DispatchQueueLogFormatter.m */; };
		35837E3925886B5E00A69BE9 /* DDLog.m in Sources */ = {isa = PBXBuildFile; fileRef = 35837DF725886B5E00A69BE9 /* DDLog.m */; };
		35837E3B25886B5E00A69BE9 /* DDTTYLogger.h in Headers */ = {isa = PBXBuildFile; fileRef = 35837DF925886B5E00A69BE9 /* DDTTYLogger.h */; };
		35837E3C25886B5E00A69BE9 /* DDAbstractDatabaseLogger.m in Sources */ = {isa = PBXBuildFile; fileRef = 35837DFA25886B5E00A69BE9 /* DDAbstractDatabaseLogger.m */; };
		35837E3D25886B5E00A69BE9 /* DDFileLogger.m in Sources */ = {isa = PBXBuildFile; fileRef = 35837DFB25886B5E00A69BE9 /* DDFileLogger.m */; };
		35837E3E25886B5E00A69BE9 /* DDASLLogger.h in Headers */ = {isa = PBXBuildFile; fileRef = 35837DFC25886B5E00A69BE9 /* DDASLLogger.h */; };
		35837E3F25886B5E00A69BE9 /* GCDAsyncSocket.m in Sources */ = {isa = PBXBuildFile; fileRef = 35837DFE25886B5E00A69BE9 /* GCDAsyncSocket.m */; settings = {COMPILER_FLAGS = "-DOS_OBJECT_USE_OBJC=0 -w -Xanalyzer -analyzer-disable-all-checks"; }; };
		35837E4125886B5E00A69BE9 /* GCDAsyncSocket.h in Headers */ = {isa = PBXBuildFile; fileRef = 35837E0025886B5E00A69BE9 /* GCDAsyncSocket.h */; };
		35837E4225886B5E00A69BE9 /* HTTPConnection.h in Headers */ = {isa = PBXBuildFile; fileRef = 35837E0225886B5E00A69BE9 /* HTTPConnection.h */; };
		35837E4325886B5E00A69BE9 /* HTTPLogging.h in Headers */ = {isa = PBXBuildFile; fileRef = 35837E0325886B5E00A69BE9 /* HTTPLogging.h */; };
		35837E4425886B5E00A69BE9 /* HTTPMessage.h in Headers */ = {isa = PBXBuildFile; fileRef = 35837E0425886B5E00A69BE9 /* HTTPMessage.h */; };
		35837E4525886B5E00A69BE9 /* WebSocket.h in Headers */ = {isa = PBXBuildFile; fileRef = 35837E0525886B5E00A69BE9 /* WebSocket.h */; };
		35837E4625886B5E00A69BE9 /* HTTPAuthenticationRequest.h in Headers */ = {isa = PBXBuildFile; fileRef = 35837E0625886B5E00A69BE9 /* HTTPAuthenticationRequest.h */; };
		35837E4725886B5E00A69BE9 /* HTTPAsyncFileResponse.h in Headers */ = {isa = PBXBuildFile; fileRef = 35837E0825886B5E00A69BE9 /* HTTPAsyncFileResponse.h */; };
		35837E4825886B5E00A69BE9 /* HTTPDataResponse.m in Sources */ = {isa = PBXBuildFile; fileRef = 35837E0925886B5E00A69BE9 /* HTTPDataResponse.m */; };
		35837E4925886B5E00A69BE9 /* HTTPRedirectResponse.h in Headers */ = {isa = PBXBuildFile; fileRef = 35837E0A25886B5E00A69BE9 /* HTTPRedirectResponse.h */; };
		35837E4A25886B5E00A69BE9 /* HTTPDynamicFileResponse.m in Sources */ = {isa = PBXBuildFile; fileRef = 35837E0B25886B5E00A69BE9 /* HTTPDynamicFileResponse.m */; };
		35837E4B25886B5E00A69BE9 /* HTTPFileResponse.m in Sources */ = {isa = PBXBuildFile; fileRef = 35837E0C25886B5E00A69BE9 /* HTTPFileResponse.m */; };
		35837E4C25886B5E00A69BE9 /* HTTPAsyncFileResponse.m in Sources */ = {isa = PBXBuildFile; fileRef = 35837E0D25886B5E00A69BE9 /* HTTPAsyncFileResponse.m */; };
		35837E4D25886B5E00A69BE9 /* HTTPRedirectResponse.m in Sources */ = {isa = PBXBuildFile; fileRef = 35837E0E25886B5E00A69BE9 /* HTTPRedirectResponse.m */; };
		35837E4E25886B5E00A69BE9 /* HTTPDataResponse.h in Headers */ = {isa = PBXBuildFile; fileRef = 35837E0F25886B5E00A69BE9 /* HTTPDataResponse.h */; };
		35837E4F25886B5E00A69BE9 /* HTTPFileResponse.h in Headers */ = {isa = PBXBuildFile; fileRef = 35837E1025886B5E00A69BE9 /* HTTPFileResponse.h */; };
		35837E5025886B5E00A69BE9 /* HTTPDynamicFileResponse.h in Headers */ = {isa = PBXBuildFile; fileRef = 35837E1125886B5E00A69BE9 /* HTTPDynamicFileResponse.h */; };
		35837E5125886B5E00A69BE9 /* HTTPServer.h in Headers */ = {isa = PBXBuildFile; fileRef = 35837E1225886B5E00A69BE9 /* HTTPServer.h */; };
		35837E5225886B5E00A69BE9 /* HTTPMessage.m in Sources */ = {isa = PBXBuildFile; fileRef = 35837E1325886B5E00A69BE9 /* HTTPMessage.m */; };
		35837E5325886B5E00A69BE9 /* HTTPConnection.m in Sources */ = {isa = PBXBuildFile; fileRef = 35837E1425886B5E00A69BE9 /* HTTPConnection.m */; };
		35837E5425886B5E00A69BE9 /* WebSocket.m in Sources */ = {isa = PBXBuildFile; fileRef = 35837E1525886B5E00A69BE9 /* WebSocket.m */; };
		35837E5525886B5E00A69BE9 /* HTTPResponse.h in Headers */ = {isa = PBXBuildFile; fileRef = 35837E1625886B5E00A69BE9 /* HTTPResponse.h */; };
		35837E5625886B5E00A69BE9 /* MultipartFormDataParser.h in Headers */ = {isa = PBXBuildFile; fileRef = 35837E1825886B5E00A69BE9 /* MultipartFormDataParser.h */; };
		35837E5725886B5E00A69BE9 /* MultipartMessageHeader.h in Headers */ = {isa = PBXBuildFile; fileRef = 35837E1925886B5E00A69BE9 /* MultipartMessageHeader.h */; };
		35837E5825886B5E00A69BE9 /* MultipartMessageHeaderField.m in Sources */ = {isa = PBXBuildFile; fileRef = 35837E1A25886B5E00A69BE9 /* MultipartMessageHeaderField.m */; };
		35837E5925886B5E00A69BE9 /* MultipartFormDataParser.m in Sources */ = {isa = PBXBuildFile; fileRef = 35837E1B25886B5E00A69BE9 /* MultipartFormDataParser.m */; };
		35837E5A25886B5E00A69BE9 /* MultipartMessageHeader.m in Sources */ = {isa = PBXBuildFile; fileRef = 35837E1C25886B5E00A69BE9 /* MultipartMessageHeader.m */; };
		35837E5B25886B5E00A69BE9 /* MultipartMessageHeaderField.h in Headers */ = {isa = PBXBuildFile; fileRef = 35837E1D25886B5E00A69BE9 /* MultipartMessageHeaderField.h */; };
		35837E5C25886B5E00A69BE9 /* HTTPAuthenticationRequest.m in Sources */ = {isa = PBXBuildFile; fileRef = 35837E1E25886B5E00A69BE9 /* HTTPAuthenticationRequest.m */; };
		35837E5D25886B5E00A69BE9 /* DDNumber.m in Sources */ = {isa = PBXBuildFile; fileRef = 35837E2025886B5E00A69BE9 /* DDNumber.m */; };
		35837E5E25886B5E00A69BE9 /* DDData.m in Sources */ = {isa = PBXBuildFile; fileRef = 35837E2125886B5E00A69BE9 /* DDData.m */; };
		35837E5F25886B5E00A69BE9 /* DDRange.h in Headers */ = {isa = PBXBuildFile; fileRef = 35837E2225886B5E00A69BE9 /* DDRange.h */; };
		35837E6025886B5E00A69BE9 /* DDNumber.h in Headers */ = {isa = PBXBuildFile; fileRef = 35837E2325886B5E00A69BE9 /* DDNumber.h */; };
		35837E6125886B5E00A69BE9 /* DDRange.m in Sources */ = {isa = PBXBuildFile; fileRef = 35837E2425886B5E00A69BE9 /* DDRange.m */; };
		35837E6225886B5E00A69BE9 /* DDData.h in Headers */ = {isa = PBXBuildFile; fileRef = 35837E2525886B5E00A69BE9 /* DDData.h */; };
		35837E6325886B5E00A69BE9 /* HTTPServer.m in Sources */ = {isa = PBXBuildFile; fileRef = 35837E2625886B5E00A69BE9 /* HTTPServer.m */; };
/* End PBXBuildFile section */

/* Begin PBXFileReference section */
		35837DBA25886B1000A69BE9 /* RoutingHTTPServer.framework */ = {isa = PBXFileReference; explicitFileType = wrapper.framework; includeInIndex = 0; path = RoutingHTTPServer.framework; sourceTree = BUILT_PRODUCTS_DIR; };
		35837DBD25886B1000A69BE9 /* RoutingHTTPServer.h */ = {isa = PBXFileReference; lastKnownFileType = sourcecode.c.h; path = RoutingHTTPServer.h; sourceTree = "<group>"; };
		35837DBE25886B1000A69BE9 /* Info.plist */ = {isa = PBXFileReference; lastKnownFileType = text.plist.xml; path = Info.plist; sourceTree = "<group>"; };
		35837DC725886B5100A69BE9 /* RouteRequest.h */ = {isa = PBXFileReference; fileEncoding = 4; lastKnownFileType = sourcecode.c.h; path = RouteRequest.h; sourceTree = "<group>"; };
		35837DC825886B5100A69BE9 /* RoutingConnection.m */ = {isa = PBXFileReference; fileEncoding = 4; lastKnownFileType = sourcecode.c.objc; path = RoutingConnection.m; sourceTree = "<group>"; };
		35837DC925886B5100A69BE9 /* RouteResponse.m */ = {isa = PBXFileReference; fileEncoding = 4; lastKnownFileType = sourcecode.c.objc; path = RouteResponse.m; sourceTree = "<group>"; };
		35837DCA25886B5100A69BE9 /* Route.h */ = {isa = PBXFileReference; fileEncoding = 4; lastKnownFileType = sourcecode.c.h; path = Route.h; sourceTree = "<group>"; };
		35837DCB25886B5100A69BE9 /* HTTPResponseProxy.h */ = {isa = PBXFileReference; fileEncoding = 4; lastKnownFileType = sourcecode.c.h; path = HTTPResponseProxy.h; sourceTree = "<group>"; };
		35837DCC25886B5100A69BE9 /* RoutingHTTPServer.m */ = {isa = PBXFileReference; fileEncoding = 4; lastKnownFileType = sourcecode.c.objc; path = RoutingHTTPServer.m; sourceTree = "<group>"; };
		35837DCD25886B5100A69BE9 /* RoutingConnection.h */ = {isa = PBXFileReference; fileEncoding = 4; lastKnownFileType = sourcecode.c.h; path = RoutingConnection.h; sourceTree = "<group>"; };
		35837DCE25886B5100A69BE9 /* RouteRequest.m */ = {isa = PBXFileReference; fileEncoding = 4; lastKnownFileType = sourcecode.c.objc; path = RouteRequest.m; sourceTree = "<group>"; };
		35837DCF25886B5100A69BE9 /* RouteResponse.h */ = {isa = PBXFileReference; fileEncoding = 4; lastKnownFileType = sourcecode.c.h; path = RouteResponse.h; sourceTree = "<group>"; };
		35837DD025886B5100A69BE9 /* HTTPResponseProxy.m */ = {isa = PBXFileReference; fileEncoding = 4; lastKnownFileType = sourcecode.c.objc; path = HTTPResponseProxy.m; sourceTree = "<group>"; };
		35837DD125886B5100A69BE9 /* Route.m */ = {isa = PBXFileReference; fileEncoding = 4; lastKnownFileType = sourcecode.c.objc; path = Route.m; sourceTree = "<group>"; };
		35837DD225886B5100A69BE9 /* RoutingHTTPServer.h */ = {isa = PBXFileReference; fileEncoding = 4; lastKnownFileType = sourcecode.c.h; path = RoutingHTTPServer.h; sourceTree = "<group>"; };
		35837DE225886B5E00A69BE9 /* DAVConnection.m */ = {isa = PBXFileReference; fileEncoding = 4; lastKnownFileType = sourcecode.c.objc; path = DAVConnection.m; sourceTree = "<group>"; };
		35837DE325886B5E00A69BE9 /* DAVResponse.h */ = {isa = PBXFileReference; fileEncoding = 4; lastKnownFileType = sourcecode.c.h; path = DAVResponse.h; sourceTree = "<group>"; };
		35837DE425886B5E00A69BE9 /* DELETEResponse.m */ = {isa = PBXFileReference; fileEncoding = 4; lastKnownFileType = sourcecode.c.objc; path = DELETEResponse.m; sourceTree = "<group>"; };
		35837DE525886B5E00A69BE9 /* PUTResponse.h */ = {isa = PBXFileReference; fileEncoding = 4; lastKnownFileType = sourcecode.c.h; path = PUTResponse.h; sourceTree = "<group>"; };
		35837DE625886B5E00A69BE9 /* DAVConnection.h */ = {isa = PBXFileReference; fileEncoding = 4; lastKnownFileType = sourcecode.c.h; path = DAVConnection.h; sourceTree = "<group>"; };
		35837DE725886B5E00A69BE9 /* DAVResponse.m */ = {isa = PBXFileReference; fileEncoding = 4; lastKnownFileType = sourcecode.c.objc; path = DAVResponse.m; sourceTree = "<group>"; };
		35837DE825886B5E00A69BE9 /* PUTResponse.m */ = {isa = PBXFileReference; fileEncoding = 4; lastKnownFileType = sourcecode.c.objc; path = PUTResponse.m; sourceTree = "<group>"; };
		35837DE925886B5E00A69BE9 /* DELETEResponse.h */ = {isa = PBXFileReference; fileEncoding = 4; lastKnownFileType = sourcecode.c.h; path = DELETEResponse.h; sourceTree = "<group>"; };
		35837DEC25886B5E00A69BE9 /* DDTTYLogger.m */ = {isa = PBXFileReference; fileEncoding = 4; lastKnownFileType = sourcecode.c.objc; path = DDTTYLogger.m; sourceTree = "<group>"; };
		35837DED25886B5E00A69BE9 /* DDLog.h */ = {isa = PBXFileReference; fileEncoding = 4; lastKnownFileType = sourcecode.c.h; path = DDLog.h; sourceTree = "<group>"; };
		35837DEE25886B5E00A69BE9 /* DDAbstractDatabaseLogger.h */ = {isa = PBXFileReference; fileEncoding = 4; lastKnownFileType = sourcecode.c.h; path = DDAbstractDatabaseLogger.h; sourceTree = "<group>"; };
		35837DEF25886B5E00A69BE9 /* DDASLLogger.m */ = {isa = PBXFileReference; fileEncoding = 4; lastKnownFileType = sourcecode.c.objc; path = DDASLLogger.m; sourceTree = "<group>"; };
		35837DF025886B5E00A69BE9 /* DDFileLogger.h */ = {isa = PBXFileReference; fileEncoding = 4; lastKnownFileType = sourcecode.c.h; path = DDFileLogger.h; sourceTree = "<group>"; };
		35837DF225886B5E00A69BE9 /* ContextFilterLogFormatter.h */ = {isa = PBXFileReference; fileEncoding = 4; lastKnownFileType = sourcecode.c.h; path = ContextFilterLogFormatter.h; sourceTree = "<group>"; };
		35837DF325886B5E00A69BE9 /* DispatchQueueLogFormatter.h */ = {isa = PBXFileReference; fileEncoding = 4; lastKnownFileType = sourcecode.c.h; path = DispatchQueueLogFormatter.h; sourceTree = "<group>"; };
		35837DF425886B5E00A69BE9 /* ContextFilterLogFormatter.m */ = {isa = PBXFileReference; fileEncoding = 4; lastKnownFileType = sourcecode.c.objc; path = ContextFilterLogFormatter.m; sourceTree = "<group>"; };
		35837DF525886B5E00A69BE9 /* DispatchQueueLogFormatter.m */ = {isa = PBXFileReference; fileEncoding = 4; lastKnownFileType = sourcecode.c.objc; path = DispatchQueueLogFormatter.m; sourceTree = "<group>"; };
		35837DF625886B5E00A69BE9 /* README.txt */ = {isa = PBXFileReference; fileEncoding = 4; lastKnownFileType = text; path = README.txt; sourceTree = "<group>"; };
		35837DF725886B5E00A69BE9 /* DDLog.m */ = {isa = PBXFileReference; fileEncoding = 4; lastKnownFileType = sourcecode.c.objc; path = DDLog.m; sourceTree = "<group>"; };
		35837DF825886B5E00A69BE9 /* About.txt */ = {isa = PBXFileReference; fileEncoding = 4; lastKnownFileType = text; path = About.txt; sourceTree = "<group>"; };
		35837DF925886B5E00A69BE9 /* DDTTYLogger.h */ = {isa = PBXFileReference; fileEncoding = 4; lastKnownFileType = sourcecode.c.h; path = DDTTYLogger.h; sourceTree = "<group>"; };
		35837DFA25886B5E00A69BE9 /* DDAbstractDatabaseLogger.m */ = {isa = PBXFileReference; fileEncoding = 4; lastKnownFileType = sourcecode.c.objc; path = DDAbstractDatabaseLogger.m; sourceTree = "<group>"; };
		35837DFB25886B5E00A69BE9 /* DDFileLogger.m */ = {isa = PBXFileReference; fileEncoding = 4; lastKnownFileType = sourcecode.c.objc; path = DDFileLogger.m; sourceTree = "<group>"; };
		35837DFC25886B5E00A69BE9 /* DDASLLogger.h */ = {isa = PBXFileReference; fileEncoding = 4; lastKnownFileType = sourcecode.c.h; path = DDASLLogger.h; sourceTree = "<group>"; };
		35837DFE25886B5E00A69BE9 /* GCDAsyncSocket.m */ = {isa = PBXFileReference; fileEncoding = 4; lastKnownFileType = sourcecode.c.objc; path = GCDAsyncSocket.m; sourceTree = "<group>"; };
		35837DFF25886B5E00A69BE9 /* About.txt */ = {isa = PBXFileReference; fileEncoding = 4; lastKnownFileType = text; path = About.txt; sourceTree = "<group>"; };
		35837E0025886B5E00A69BE9 /* GCDAsyncSocket.h */ = {isa = PBXFileReference; fileEncoding = 4; lastKnownFileType = sourcecode.c.h; path = GCDAsyncSocket.h; sourceTree = "<group>"; };
		35837E0225886B5E00A69BE9 /* HTTPConnection.h */ = {isa = PBXFileReference; fileEncoding = 4; lastKnownFileType = sourcecode.c.h; path = HTTPConnection.h; sourceTree = "<group>"; };
		35837E0325886B5E00A69BE9 /* HTTPLogging.h */ = {isa = PBXFileReference; fileEncoding = 4; lastKnownFileType = sourcecode.c.h; path = HTTPLogging.h; sourceTree = "<group>"; };
		35837E0425886B5E00A69BE9 /* HTTPMessage.h */ = {isa = PBXFileReference; fileEncoding = 4; lastKnownFileType = sourcecode.c.h; path = HTTPMessage.h; sourceTree = "<group>"; };
		35837E0525886B5E00A69BE9 /* WebSocket.h */ = {isa = PBXFileReference; fileEncoding = 4; lastKnownFileType = sourcecode.c.h; path = WebSocket.h; sourceTree = "<group>"; };
		35837E0625886B5E00A69BE9 /* HTTPAuthenticationRequest.h */ = {isa = PBXFileReference; fileEncoding = 4; lastKnownFileType = sourcecode.c.h; path = HTTPAuthenticationRequest.h; sourceTree = "<group>"; };
		35837E0825886B5E00A69BE9 /* HTTPAsyncFileResponse.h */ = {isa = PBXFileReference; fileEncoding = 4; lastKnownFileType = sourcecode.c.h; path = HTTPAsyncFileResponse.h; sourceTree = "<group>"; };
		35837E0925886B5E00A69BE9 /* HTTPDataResponse.m */ = {isa = PBXFileReference; fileEncoding = 4; lastKnownFileType = sourcecode.c.objc; path = HTTPDataResponse.m; sourceTree = "<group>"; };
		35837E0A25886B5E00A69BE9 /* HTTPRedirectResponse.h */ = {isa = PBXFileReference; fileEncoding = 4; lastKnownFileType = sourcecode.c.h; path = HTTPRedirectResponse.h; sourceTree = "<group>"; };
		35837E0B25886B5E00A69BE9 /* HTTPDynamicFileResponse.m */ = {isa = PBXFileReference; fileEncoding = 4; lastKnownFileType = sourcecode.c.objc; path = HTTPDynamicFileResponse.m; sourceTree = "<group>"; };
		35837E0C25886B5E00A69BE9 /* HTTPFileResponse.m */ = {isa = PBXFileReference; fileEncoding = 4; lastKnownFileType = sourcecode.c.objc; path = HTTPFileResponse.m; sourceTree = "<group>"; };
		35837E0D25886B5E00A69BE9 /* HTTPAsyncFileResponse.m */ = {isa = PBXFileReference; fileEncoding = 4; lastKnownFileType = sourcecode.c.objc; path = HTTPAsyncFileResponse.m; sourceTree = "<group>"; };
		35837E0E25886B5E00A69BE9 /* HTTPRedirectResponse.m */ = {isa = PBXFileReference; fileEncoding = 4; lastKnownFileType = sourcecode.c.objc; path = HTTPRedirectResponse.m; sourceTree = "<group>"; };
		35837E0F25886B5E00A69BE9 /* HTTPDataResponse.h */ = {isa = PBXFileReference; fileEncoding = 4; lastKnownFileType = sourcecode.c.h; path = HTTPDataResponse.h; sourceTree = "<group>"; };
		35837E1025886B5E00A69BE9 /* HTTPFileResponse.h */ = {isa = PBXFileReference; fileEncoding = 4; lastKnownFileType = sourcecode.c.h; path = HTTPFileResponse.h; sourceTree = "<group>"; };
		35837E1125886B5E00A69BE9 /* HTTPDynamicFileResponse.h */ = {isa = PBXFileReference; fileEncoding = 4; lastKnownFileType = sourcecode.c.h; path = HTTPDynamicFileResponse.h; sourceTree = "<group>"; };
		35837E1225886B5E00A69BE9 /* HTTPServer.h */ = {isa = PBXFileReference; fileEncoding = 4; lastKnownFileType = sourcecode.c.h; path = HTTPServer.h; sourceTree = "<group>"; };
		35837E1325886B5E00A69BE9 /* HTTPMessage.m */ = {isa = PBXFileReference; fileEncoding = 4; lastKnownFileType = sourcecode.c.objc; path = HTTPMessage.m; sourceTree = "<group>"; };
		35837E1425886B5E00A69BE9 /* HTTPConnection.m */ = {isa = PBXFileReference; fileEncoding = 4; lastKnownFileType = sourcecode.c.objc; path = HTTPConnection.m; sourceTree = "<group>"; };
		35837E1525886B5E00A69BE9 /* WebSocket.m */ = {isa = PBXFileReference; fileEncoding = 4; lastKnownFileType = sourcecode.c.objc; path = WebSocket.m; sourceTree = "<group>"; };
		35837E1625886B5E00A69BE9 /* HTTPResponse.h */ = {isa = PBXFileReference; fileEncoding = 4; lastKnownFileType = sourcecode.c.h; path = HTTPResponse.h; sourceTree = "<group>"; };
		35837E1825886B5E00A69BE9 /* MultipartFormDataParser.h */ = {isa = PBXFileReference; fileEncoding = 4; lastKnownFileType = sourcecode.c.h; path = MultipartFormDataParser.h; sourceTree = "<group>"; };
		35837E1925886B5E00A69BE9 /* MultipartMessageHeader.h */ = {isa = PBXFileReference; fileEncoding = 4; lastKnownFileType = sourcecode.c.h; path = MultipartMessageHeader.h; sourceTree = "<group>"; };
		35837E1A25886B5E00A69BE9 /* MultipartMessageHeaderField.m */ = {isa = PBXFileReference; fileEncoding = 4; lastKnownFileType = sourcecode.c.objc; path = MultipartMessageHeaderField.m; sourceTree = "<group>"; };
		35837E1B25886B5E00A69BE9 /* MultipartFormDataParser.m */ = {isa = PBXFileReference; fileEncoding = 4; lastKnownFileType = sourcecode.c.objc; path = MultipartFormDataParser.m; sourceTree = "<group>"; };
		35837E1C25886B5E00A69BE9 /* MultipartMessageHeader.m */ = {isa = PBXFileReference; fileEncoding = 4; lastKnownFileType = sourcecode.c.objc; path = MultipartMessageHeader.m; sourceTree = "<group>"; };
		35837E1D25886B5E00A69BE9 /* MultipartMessageHeaderField.h */ = {isa = PBXFileReference; fileEncoding = 4; lastKnownFileType = sourcecode.c.h; path = MultipartMessageHeaderField.h; sourceTree = "<group>"; };
		35837E1E25886B5E00A69BE9 /* HTTPAuthenticationRequest.m */ = {isa = PBXFileReference; fileEncoding = 4; lastKnownFileType = sourcecode.c.objc; path = HTTPAuthenticationRequest.m; sourceTree = "<group>"; };
		35837E2025886B5E00A69BE9 /* DDNumber.m */ = {isa = PBXFileReference; fileEncoding = 4; lastKnownFileType = sourcecode.c.objc; path = DDNumber.m; sourceTree = "<group>"; };
		35837E2125886B5E00A69BE9 /* DDData.m */ = {isa = PBXFileReference; fileEncoding = 4; lastKnownFileType = sourcecode.c.objc; path = DDData.m; sourceTree = "<group>"; };
		35837E2225886B5E00A69BE9 /* DDRange.h */ = {isa = PBXFileReference; fileEncoding = 4; lastKnownFileType = sourcecode.c.h; path = DDRange.h; sourceTree = "<group>"; };
		35837E2325886B5E00A69BE9 /* DDNumber.h */ = {isa = PBXFileReference; fileEncoding = 4; lastKnownFileType = sourcecode.c.h; path = DDNumber.h; sourceTree = "<group>"; };
		35837E2425886B5E00A69BE9 /* DDRange.m */ = {isa = PBXFileReference; fileEncoding = 4; lastKnownFileType = sourcecode.c.objc; path = DDRange.m; sourceTree = "<group>"; };
		35837E2525886B5E00A69BE9 /* DDData.h */ = {isa = PBXFileReference; fileEncoding = 4; lastKnownFileType = sourcecode.c.h; path = DDData.h; sourceTree = "<group>"; };
		35837E2625886B5E00A69BE9 /* HTTPServer.m */ = {isa = PBXFileReference; fileEncoding = 4; lastKnownFileType = sourcecode.c.objc; path = HTTPServer.m; sourceTree = "<group>"; };
		35837E6625886BB000A69BE9 /* libxml2.tbd */ = {isa = PBXFileReference; lastKnownFileType = "sourcecode.text-based-dylib-definition"; name = libxml2.tbd; path = Platforms/MacOSX.platform/Developer/SDKs/MacOSX10.15.sdk/usr/lib/libxml2.tbd; sourceTree = DEVELOPER_DIR; };
/* End PBXFileReference section */

/* Begin PBXFrameworksBuildPhase section */
		35837DB725886B1000A69BE9 /* Frameworks */ = {
			isa = PBXFrameworksBuildPhase;
			buildActionMask = 2147483647;
			files = (
			);
			runOnlyForDeploymentPostprocessing = 0;
		};
/* End PBXFrameworksBuildPhase section */

/* Begin PBXGroup section */
		35837DB025886B1000A69BE9 = {
			isa = PBXGroup;
			children = (
				35837DC625886B5100A69BE9 /* Source */,
				35837DBC25886B1000A69BE9 /* RoutingHTTPServer */,
				35837DBB25886B1000A69BE9 /* Products */,
				35837E6525886BB000A69BE9 /* Frameworks */,
			);
			sourceTree = "<group>";
		};
		35837DBB25886B1000A69BE9 /* Products */ = {
			isa = PBXGroup;
			children = (
				35837DBA25886B1000A69BE9 /* RoutingHTTPServer.framework */,
			);
			name = Products;
			sourceTree = "<group>";
		};
		35837DBC25886B1000A69BE9 /* RoutingHTTPServer */ = {
			isa = PBXGroup;
			children = (
				35837E0125886B5E00A69BE9 /* Core */,
				35837DE025886B5D00A69BE9 /* Extensions */,
				35837DEA25886B5E00A69BE9 /* Vendor */,
				35837DBD25886B1000A69BE9 /* RoutingHTTPServer.h */,
				35837DBE25886B1000A69BE9 /* Info.plist */,
			);
			path = RoutingHTTPServer;
			sourceTree = "<group>";
		};
		35837DC625886B5100A69BE9 /* Source */ = {
			isa = PBXGroup;
			children = (
				35837DC725886B5100A69BE9 /* RouteRequest.h */,
				35837DC825886B5100A69BE9 /* RoutingConnection.m */,
				35837DC925886B5100A69BE9 /* RouteResponse.m */,
				35837DCA25886B5100A69BE9 /* Route.h */,
				35837DCB25886B5100A69BE9 /* HTTPResponseProxy.h */,
				35837DCC25886B5100A69BE9 /* RoutingHTTPServer.m */,
				35837DCD25886B5100A69BE9 /* RoutingConnection.h */,
				35837DCE25886B5100A69BE9 /* RouteRequest.m */,
				35837DCF25886B5100A69BE9 /* RouteResponse.h */,
				35837DD025886B5100A69BE9 /* HTTPResponseProxy.m */,
				35837DD125886B5100A69BE9 /* Route.m */,
				35837DD225886B5100A69BE9 /* RoutingHTTPServer.h */,
			);
			path = Source;
			sourceTree = "<group>";
		};
		35837DE025886B5D00A69BE9 /* Extensions */ = {
			isa = PBXGroup;
			children = (
				35837DE125886B5E00A69BE9 /* WebDAV */,
			);
			name = Extensions;
			path = CocoaHTTPServer/Extensions;
			sourceTree = SOURCE_ROOT;
		};
		35837DE125886B5E00A69BE9 /* WebDAV */ = {
			isa = PBXGroup;
			children = (
				35837DE225886B5E00A69BE9 /* DAVConnection.m */,
				35837DE325886B5E00A69BE9 /* DAVResponse.h */,
				35837DE425886B5E00A69BE9 /* DELETEResponse.m */,
				35837DE525886B5E00A69BE9 /* PUTResponse.h */,
				35837DE625886B5E00A69BE9 /* DAVConnection.h */,
				35837DE725886B5E00A69BE9 /* DAVResponse.m */,
				35837DE825886B5E00A69BE9 /* PUTResponse.m */,
				35837DE925886B5E00A69BE9 /* DELETEResponse.h */,
			);
			path = WebDAV;
			sourceTree = "<group>";
		};
		35837DEA25886B5E00A69BE9 /* Vendor */ = {
			isa = PBXGroup;
			children = (
				35837DEB25886B5E00A69BE9 /* CocoaLumberjack */,
				35837DFD25886B5E00A69BE9 /* CocoaAsyncSocket */,
			);
			name = Vendor;
			path = CocoaHTTPServer/Vendor;
			sourceTree = SOURCE_ROOT;
		};
		35837DEB25886B5E00A69BE9 /* CocoaLumberjack */ = {
			isa = PBXGroup;
			children = (
				35837DEC25886B5E00A69BE9 /* DDTTYLogger.m */,
				35837DED25886B5E00A69BE9 /* DDLog.h */,
				35837DEE25886B5E00A69BE9 /* DDAbstractDatabaseLogger.h */,
				35837DEF25886B5E00A69BE9 /* DDASLLogger.m */,
				35837DF025886B5E00A69BE9 /* DDFileLogger.h */,
				35837DF125886B5E00A69BE9 /* Extensions */,
				35837DF725886B5E00A69BE9 /* DDLog.m */,
				35837DF825886B5E00A69BE9 /* About.txt */,
				35837DF925886B5E00A69BE9 /* DDTTYLogger.h */,
				35837DFA25886B5E00A69BE9 /* DDAbstractDatabaseLogger.m */,
				35837DFB25886B5E00A69BE9 /* DDFileLogger.m */,
				35837DFC25886B5E00A69BE9 /* DDASLLogger.h */,
			);
			path = CocoaLumberjack;
			sourceTree = "<group>";
		};
		35837DF125886B5E00A69BE9 /* Extensions */ = {
			isa = PBXGroup;
			children = (
				35837DF225886B5E00A69BE9 /* ContextFilterLogFormatter.h */,
				35837DF325886B5E00A69BE9 /* DispatchQueueLogFormatter.h */,
				35837DF425886B5E00A69BE9 /* ContextFilterLogFormatter.m */,
				35837DF525886B5E00A69BE9 /* DispatchQueueLogFormatter.m */,
				35837DF625886B5E00A69BE9 /* README.txt */,
			);
			path = Extensions;
			sourceTree = "<group>";
		};
		35837DFD25886B5E00A69BE9 /* CocoaAsyncSocket */ = {
			isa = PBXGroup;
			children = (
				35837DFE25886B5E00A69BE9 /* GCDAsyncSocket.m */,
				35837DFF25886B5E00A69BE9 /* About.txt */,
				35837E0025886B5E00A69BE9 /* GCDAsyncSocket.h */,
			);
			path = CocoaAsyncSocket;
			sourceTree = "<group>";
		};
		35837E0125886B5E00A69BE9 /* Core */ = {
			isa = PBXGroup;
			children = (
				35837E0225886B5E00A69BE9 /* HTTPConnection.h */,
				35837E0325886B5E00A69BE9 /* HTTPLogging.h */,
				35837E0425886B5E00A69BE9 /* HTTPMessage.h */,
				35837E0525886B5E00A69BE9 /* WebSocket.h */,
				35837E0625886B5E00A69BE9 /* HTTPAuthenticationRequest.h */,
				35837E0725886B5E00A69BE9 /* Responses */,
				35837E1225886B5E00A69BE9 /* HTTPServer.h */,
				35837E1325886B5E00A69BE9 /* HTTPMessage.m */,
				35837E1425886B5E00A69BE9 /* HTTPConnection.m */,
				35837E1525886B5E00A69BE9 /* WebSocket.m */,
				35837E1625886B5E00A69BE9 /* HTTPResponse.h */,
				35837E1725886B5E00A69BE9 /* Mime */,
				35837E1E25886B5E00A69BE9 /* HTTPAuthenticationRequest.m */,
				35837E1F25886B5E00A69BE9 /* Categories */,
				35837E2625886B5E00A69BE9 /* HTTPServer.m */,
			);
			name = Core;
			path = CocoaHTTPServer/Core;
			sourceTree = SOURCE_ROOT;
		};
		35837E0725886B5E00A69BE9 /* Responses */ = {
			isa = PBXGroup;
			children = (
				35837E0825886B5E00A69BE9 /* HTTPAsyncFileResponse.h */,
				35837E0925886B5E00A69BE9 /* HTTPDataResponse.m */,
				35837E0A25886B5E00A69BE9 /* HTTPRedirectResponse.h */,
				35837E0B25886B5E00A69BE9 /* HTTPDynamicFileResponse.m */,
				35837E0C25886B5E00A69BE9 /* HTTPFileResponse.m */,
				35837E0D25886B5E00A69BE9 /* HTTPAsyncFileResponse.m */,
				35837E0E25886B5E00A69BE9 /* HTTPRedirectResponse.m */,
				35837E0F25886B5E00A69BE9 /* HTTPDataResponse.h */,
				35837E1025886B5E00A69BE9 /* HTTPFileResponse.h */,
				35837E1125886B5E00A69BE9 /* HTTPDynamicFileResponse.h */,
			);
			path = Responses;
			sourceTree = "<group>";
		};
		35837E1725886B5E00A69BE9 /* Mime */ = {
			isa = PBXGroup;
			children = (
				35837E1825886B5E00A69BE9 /* MultipartFormDataParser.h */,
				35837E1925886B5E00A69BE9 /* MultipartMessageHeader.h */,
				35837E1A25886B5E00A69BE9 /* MultipartMessageHeaderField.m */,
				35837E1B25886B5E00A69BE9 /* MultipartFormDataParser.m */,
				35837E1C25886B5E00A69BE9 /* MultipartMessageHeader.m */,
				35837E1D25886B5E00A69BE9 /* MultipartMessageHeaderField.h */,
			);
			path = Mime;
			sourceTree = "<group>";
		};
		35837E1F25886B5E00A69BE9 /* Categories */ = {
			isa = PBXGroup;
			children = (
				35837E2025886B5E00A69BE9 /* DDNumber.m */,
				35837E2125886B5E00A69BE9 /* DDData.m */,
				35837E2225886B5E00A69BE9 /* DDRange.h */,
				35837E2325886B5E00A69BE9 /* DDNumber.h */,
				35837E2425886B5E00A69BE9 /* DDRange.m */,
				35837E2525886B5E00A69BE9 /* DDData.h */,
			);
			path = Categories;
			sourceTree = "<group>";
		};
		35837E6525886BB000A69BE9 /* Frameworks */ = {
			isa = PBXGroup;
			children = (
				35837E6625886BB000A69BE9 /* libxml2.tbd */,
			);
			name = Frameworks;
			sourceTree = "<group>";
		};
/* End PBXGroup section */

/* Begin PBXHeadersBuildPhase section */
		35837DB525886B1000A69BE9 /* Headers */ = {
			isa = PBXHeadersBuildPhase;
			buildActionMask = 2147483647;
			files = (
				35837DD625886B5100A69BE9 /* Route.h in Headers */,
				35837E5B25886B5E00A69BE9 /* MultipartMessageHeaderField.h in Headers */,
				35837DDB25886B5100A69BE9 /* RouteResponse.h in Headers */,
				35837E2B25886B5E00A69BE9 /* DAVConnection.h in Headers */,
				35837E3025886B5E00A69BE9 /* DDLog.h in Headers */,
				35837DD925886B5100A69BE9 /* RoutingConnection.h in Headers */,
				35837E2E25886B5E00A69BE9 /* DELETEResponse.h in Headers */,
				35837E4125886B5E00A69BE9 /* GCDAsyncSocket.h in Headers */,
				35837E4F25886B5E00A69BE9 /* HTTPFileResponse.h in Headers */,
				35837E5525886B5E00A69BE9 /* HTTPResponse.h in Headers */,
				35837E3325886B5E00A69BE9 /* DDFileLogger.h in Headers */,
				35837E5025886B5E00A69BE9 /* HTTPDynamicFileResponse.h in Headers */,
				35837E4425886B5E00A69BE9 /* HTTPMessage.h in Headers */,
				35837E5625886B5E00A69BE9 /* MultipartFormDataParser.h in Headers */,
				35837DDE25886B5100A69BE9 /* RoutingHTTPServer.h in Headers */,
				35837E4E25886B5E00A69BE9 /* HTTPDataResponse.h in Headers */,
				35837E4725886B5E00A69BE9 /* HTTPAsyncFileResponse.h in Headers */,
				35837E4925886B5E00A69BE9 /* HTTPRedirectResponse.h in Headers */,
				35837E6225886B5E00A69BE9 /* DDData.h in Headers */,
				35837E3425886B5E00A69BE9 /* ContextFilterLogFormatter.h in Headers */,
				35837E3B25886B5E00A69BE9 /* DDTTYLogger.h in Headers */,
				35837E5F25886B5E00A69BE9 /* DDRange.h in Headers */,
				35837DD325886B5100A69BE9 /* RouteRequest.h in Headers */,
				35837E2A25886B5E00A69BE9 /* PUTResponse.h in Headers */,
				35837E4325886B5E00A69BE9 /* HTTPLogging.h in Headers */,
				35837E2825886B5E00A69BE9 /* DAVResponse.h in Headers */,
				35837E6025886B5E00A69BE9 /* DDNumber.h in Headers */,
				35837E5725886B5E00A69BE9 /* MultipartMessageHeader.h in Headers */,
				35837E4225886B5E00A69BE9 /* HTTPConnection.h in Headers */,
				35837E3525886B5E00A69BE9 /* DispatchQueueLogFormatter.h in Headers */,
				35837E4625886B5E00A69BE9 /* HTTPAuthenticationRequest.h in Headers */,
				35837E3125886B5E00A69BE9 /* DDAbstractDatabaseLogger.h in Headers */,
				35837DD725886B5100A69BE9 /* HTTPResponseProxy.h in Headers */,
				35837DBF25886B1000A69BE9 /* RoutingHTTPServer.h in Headers */,
				35837E4525886B5E00A69BE9 /* WebSocket.h in Headers */,
				35837E3E25886B5E00A69BE9 /* DDASLLogger.h in Headers */,
				35837E5125886B5E00A69BE9 /* HTTPServer.h in Headers */,
			);
			runOnlyForDeploymentPostprocessing = 0;
		};
/* End PBXHeadersBuildPhase section */

/* Begin PBXNativeTarget section */
		35837DB925886B1000A69BE9 /* RoutingHTTPServer */ = {
			isa = PBXNativeTarget;
			buildConfigurationList = 35837DC225886B1000A69BE9 /* Build configuration list for PBXNativeTarget "RoutingHTTPServer" */;
			buildPhases = (
				35837DB525886B1000A69BE9 /* Headers */,
				35837DB625886B1000A69BE9 /* Sources */,
				35837DB725886B1000A69BE9 /* Frameworks */,
				35837DB825886B1000A69BE9 /* Resources */,
			);
			buildRules = (
			);
			dependencies = (
			);
			name = RoutingHTTPServer;
			productName = RoutingHTTPServer;
			productReference = 35837DBA25886B1000A69BE9 /* RoutingHTTPServer.framework */;
			productType = "com.apple.product-type.framework";
		};
/* End PBXNativeTarget section */

/* Begin PBXProject section */
		35837DB125886B1000A69BE9 /* Project object */ = {
			isa = PBXProject;
			attributes = {
				LastUpgradeCheck = 1210;
				TargetAttributes = {
					35837DB925886B1000A69BE9 = {
						CreatedOnToolsVersion = 12.1;
					};
				};
			};
			buildConfigurationList = 35837DB425886B1000A69BE9 /* Build configuration list for PBXProject "RoutingHTTPServer" */;
			compatibilityVersion = "Xcode 9.3";
			developmentRegion = en;
			hasScannedForEncodings = 0;
			knownRegions = (
				en,
				Base,
			);
			mainGroup = 35837DB025886B1000A69BE9;
			productRefGroup = 35837DBB25886B1000A69BE9 /* Products */;
			projectDirPath = "";
			projectRoot = "";
			targets = (
				35837DB925886B1000A69BE9 /* RoutingHTTPServer */,
			);
		};
/* End PBXProject section */

/* Begin PBXResourcesBuildPhase section */
		35837DB825886B1000A69BE9 /* Resources */ = {
			isa = PBXResourcesBuildPhase;
			buildActionMask = 2147483647;
			files = (
			);
			runOnlyForDeploymentPostprocessing = 0;
		};
/* End PBXResourcesBuildPhase section */

/* Begin PBXSourcesBuildPhase section */
		35837DB625886B1000A69BE9 /* Sources */ = {
			isa = PBXSourcesBuildPhase;
			buildActionMask = 2147483647;
			files = (
				35837E3925886B5E00A69BE9 /* DDLog.m in Sources */,
				35837E5825886B5E00A69BE9 /* MultipartMessageHeaderField.m in Sources */,
				35837E2D25886B5E00A69BE9 /* PUTResponse.m in Sources */,
				35837E6125886B5E00A69BE9 /* DDRange.m in Sources */,
				35837E2725886B5E00A69BE9 /* DAVConnection.m in Sources */,
				35837DD525886B5100A69BE9 /* RouteResponse.m in Sources */,
				35837E5E25886B5E00A69BE9 /* DDData.m in Sources */,
				35837DDC25886B5100A69BE9 /* HTTPResponseProxy.m in Sources */,
				35837E6325886B5E00A69BE9 /* HTTPServer.m in Sources */,
				35837E4825886B5E00A69BE9 /* HTTPDataResponse.m in Sources */,
				35837E2F25886B5E00A69BE9 /* DDTTYLogger.m in Sources */,
				35837E3F25886B5E00A69BE9 /* GCDAsyncSocket.m in Sources */,
				35837E3C25886B5E00A69BE9 /* DDAbstractDatabaseLogger.m in Sources */,
				35837DDA25886B5100A69BE9 /* RouteRequest.m in Sources */,
				35837E4B25886B5E00A69BE9 /* HTTPFileResponse.m in Sources */,
				35837DDD25886B5100A69BE9 /* Route.m in Sources */,
				35837E2C25886B5E00A69BE9 /* DAVResponse.m in Sources */,
				35837E5425886B5E00A69BE9 /* WebSocket.m in Sources */,
				35837E5C25886B5E00A69BE9 /* HTTPAuthenticationRequest.m in Sources */,
				35837E5225886B5E00A69BE9 /* HTTPMessage.m in Sources */,
				35837E5A25886B5E00A69BE9 /* MultipartMessageHeader.m in Sources */,
				35837E5325886B5E00A69BE9 /* HTTPConnection.m in Sources */,
				35837E4A25886B5E00A69BE9 /* HTTPDynamicFileResponse.m in Sources */,
				35837E3225886B5E00A69BE9 /* DDASLLogger.m in Sources */,
				35837E3D25886B5E00A69BE9 /* DDFileLogger.m in Sources */,
				35837E5D25886B5E00A69BE9 /* DDNumber.m in Sources */,
				35837E3625886B5E00A69BE9 /* ContextFilterLogFormatter.m in Sources */,
				35837E5925886B5E00A69BE9 /* MultipartFormDataParser.m in Sources */,
				35837E4D25886B5E00A69BE9 /* HTTPRedirectResponse.m in Sources */,
				35837E4C25886B5E00A69BE9 /* HTTPAsyncFileResponse.m in Sources */,
				35837E2925886B5E00A69BE9 /* DELETEResponse.m in Sources */,
				35837E3725886B5E00A69BE9 /* DispatchQueueLogFormatter.m in Sources */,
				35837DD425886B5100A69BE9 /* RoutingConnection.m in Sources */,
				35837DD825886B5100A69BE9 /* RoutingHTTPServer.m in Sources */,
			);
			runOnlyForDeploymentPostprocessing = 0;
		};
/* End PBXSourcesBuildPhase section */

/* Begin XCBuildConfiguration section */
		35837DC025886B1000A69BE9 /* Debug */ = {
			isa = XCBuildConfiguration;
			buildSettings = {
				ALWAYS_SEARCH_USER_PATHS = NO;
				CLANG_ANALYZER_NONNULL = YES;
				CLANG_ANALYZER_NUMBER_OBJECT_CONVERSION = YES_AGGRESSIVE;
				CLANG_CXX_LANGUAGE_STANDARD = "gnu++14";
				CLANG_CXX_LIBRARY = "libc++";
				CLANG_ENABLE_MODULES = YES;
				CLANG_ENABLE_OBJC_ARC = YES;
				CLANG_ENABLE_OBJC_WEAK = YES;
				CLANG_WARN_BLOCK_CAPTURE_AUTORELEASING = YES;
				CLANG_WARN_BOOL_CONVERSION = YES;
				CLANG_WARN_COMMA = YES;
				CLANG_WARN_CONSTANT_CONVERSION = YES;
				CLANG_WARN_DEPRECATED_OBJC_IMPLEMENTATIONS = YES;
				CLANG_WARN_DIRECT_OBJC_ISA_USAGE = YES_ERROR;
				CLANG_WARN_DOCUMENTATION_COMMENTS = YES;
				CLANG_WARN_EMPTY_BODY = YES;
				CLANG_WARN_ENUM_CONVERSION = YES;
				CLANG_WARN_INFINITE_RECURSION = YES;
				CLANG_WARN_INT_CONVERSION = YES;
				CLANG_WARN_NON_LITERAL_NULL_CONVERSION = YES;
				CLANG_WARN_OBJC_IMPLICIT_RETAIN_SELF = YES;
				CLANG_WARN_OBJC_LITERAL_CONVERSION = YES;
				CLANG_WARN_OBJC_ROOT_CLASS = YES_ERROR;
				CLANG_WARN_QUOTED_INCLUDE_IN_FRAMEWORK_HEADER = YES;
				CLANG_WARN_RANGE_LOOP_ANALYSIS = YES;
				CLANG_WARN_STRICT_PROTOTYPES = YES;
				CLANG_WARN_SUSPICIOUS_MOVE = YES;
				CLANG_WARN_UNGUARDED_AVAILABILITY = YES_AGGRESSIVE;
				CLANG_WARN_UNREACHABLE_CODE = YES;
				CLANG_WARN__DUPLICATE_METHOD_MATCH = YES;
				COPY_PHASE_STRIP = NO;
				CURRENT_PROJECT_VERSION = 1;
				DEBUG_INFORMATION_FORMAT = dwarf;
				ENABLE_STRICT_OBJC_MSGSEND = YES;
				ENABLE_TESTABILITY = YES;
				GCC_C_LANGUAGE_STANDARD = gnu11;
				GCC_DYNAMIC_NO_PIC = NO;
				GCC_NO_COMMON_BLOCKS = YES;
				GCC_OPTIMIZATION_LEVEL = 0;
				GCC_PREPROCESSOR_DEFINITIONS = (
					"DEBUG=1",
					"$(inherited)",
				);
				GCC_WARN_64_TO_32_BIT_CONVERSION = YES;
				GCC_WARN_ABOUT_RETURN_TYPE = YES_ERROR;
				GCC_WARN_UNDECLARED_SELECTOR = YES;
				GCC_WARN_UNINITIALIZED_AUTOS = YES_AGGRESSIVE;
				GCC_WARN_UNUSED_FUNCTION = YES;
				GCC_WARN_UNUSED_VARIABLE = YES;
				IPHONEOS_DEPLOYMENT_TARGET = 14.1;
				MTL_ENABLE_DEBUG_INFO = INCLUDE_SOURCE;
				MTL_FAST_MATH = YES;
				ONLY_ACTIVE_ARCH = YES;
				SDKROOT = iphoneos;
				VERSIONING_SYSTEM = "apple-generic";
				VERSION_INFO_PREFIX = "";
			};
			name = Debug;
		};
		35837DC125886B1000A69BE9 /* Release */ = {
			isa = XCBuildConfiguration;
			buildSettings = {
				ALWAYS_SEARCH_USER_PATHS = NO;
				CLANG_ANALYZER_NONNULL = YES;
				CLANG_ANALYZER_NUMBER_OBJECT_CONVERSION = YES_AGGRESSIVE;
				CLANG_CXX_LANGUAGE_STANDARD = "gnu++14";
				CLANG_CXX_LIBRARY = "libc++";
				CLANG_ENABLE_MODULES = YES;
				CLANG_ENABLE_OBJC_ARC = YES;
				CLANG_ENABLE_OBJC_WEAK = YES;
				CLANG_WARN_BLOCK_CAPTURE_AUTORELEASING = YES;
				CLANG_WARN_BOOL_CONVERSION = YES;
				CLANG_WARN_COMMA = YES;
				CLANG_WARN_CONSTANT_CONVERSION = YES;
				CLANG_WARN_DEPRECATED_OBJC_IMPLEMENTATIONS = YES;
				CLANG_WARN_DIRECT_OBJC_ISA_USAGE = YES_ERROR;
				CLANG_WARN_DOCUMENTATION_COMMENTS = YES;
				CLANG_WARN_EMPTY_BODY = YES;
				CLANG_WARN_ENUM_CONVERSION = YES;
				CLANG_WARN_INFINITE_RECURSION = YES;
				CLANG_WARN_INT_CONVERSION = YES;
				CLANG_WARN_NON_LITERAL_NULL_CONVERSION = YES;
				CLANG_WARN_OBJC_IMPLICIT_RETAIN_SELF = YES;
				CLANG_WARN_OBJC_LITERAL_CONVERSION = YES;
				CLANG_WARN_OBJC_ROOT_CLASS = YES_ERROR;
				CLANG_WARN_QUOTED_INCLUDE_IN_FRAMEWORK_HEADER = YES;
				CLANG_WARN_RANGE_LOOP_ANALYSIS = YES;
				CLANG_WARN_STRICT_PROTOTYPES = YES;
				CLANG_WARN_SUSPICIOUS_MOVE = YES;
				CLANG_WARN_UNGUARDED_AVAILABILITY = YES_AGGRESSIVE;
				CLANG_WARN_UNREACHABLE_CODE = YES;
				CLANG_WARN__DUPLICATE_METHOD_MATCH = YES;
				COPY_PHASE_STRIP = NO;
				CURRENT_PROJECT_VERSION = 1;
				DEBUG_INFORMATION_FORMAT = "dwarf-with-dsym";
				ENABLE_NS_ASSERTIONS = NO;
				ENABLE_STRICT_OBJC_MSGSEND = YES;
				GCC_C_LANGUAGE_STANDARD = gnu11;
				GCC_NO_COMMON_BLOCKS = YES;
				GCC_WARN_64_TO_32_BIT_CONVERSION = YES;
				GCC_WARN_ABOUT_RETURN_TYPE = YES_ERROR;
				GCC_WARN_UNDECLARED_SELECTOR = YES;
				GCC_WARN_UNINITIALIZED_AUTOS = YES_AGGRESSIVE;
				GCC_WARN_UNUSED_FUNCTION = YES;
				GCC_WARN_UNUSED_VARIABLE = YES;
				IPHONEOS_DEPLOYMENT_TARGET = 14.1;
				MTL_ENABLE_DEBUG_INFO = NO;
				MTL_FAST_MATH = YES;
				SDKROOT = iphoneos;
				VALIDATE_PRODUCT = YES;
				VERSIONING_SYSTEM = "apple-generic";
				VERSION_INFO_PREFIX = "";
			};
			name = Release;
		};
		35837DC325886B1000A69BE9 /* Debug */ = {
			isa = XCBuildConfiguration;
			buildSettings = {
				ARCHS = (
					arm64,
					x86_64,
				);
				CODE_SIGN_STYLE = Automatic;
				DEFINES_MODULE = YES;
				DEVELOPMENT_TEAM = 6QXR4W42GG;
				DYLIB_COMPATIBILITY_VERSION = 1;
				DYLIB_CURRENT_VERSION = 1;
				DYLIB_INSTALL_NAME_BASE = "@rpath";
				EXCLUDED_ARCHS = armv7;
				INFOPLIST_FILE = RoutingHTTPServer/Info.plist;
				INSTALL_PATH = "$(LOCAL_LIBRARY_DIR)/Frameworks";
				IPHONEOS_DEPLOYMENT_TARGET = 13.1;
				LD_RUNPATH_SEARCH_PATHS = (
					"$(inherited)",
					"@executable_path/Frameworks",
					"@loader_path/Frameworks",
				);
				ONLY_ACTIVE_ARCH = YES;
				PRODUCT_BUNDLE_IDENTIFIER = com.oz.RoutingHTTPServer;
				PRODUCT_NAME = "$(TARGET_NAME:c99extidentifier)";
				SKIP_INSTALL = YES;
				TARGETED_DEVICE_FAMILY = "1,2";
			};
			name = Debug;
		};
		35837DC425886B1000A69BE9 /* Release */ = {
			isa = XCBuildConfiguration;
			buildSettings = {
				ARCHS = (
					arm64,
					x86_64,
				);
				CODE_SIGN_STYLE = Automatic;
				DEFINES_MODULE = YES;
				DEVELOPMENT_TEAM = 6QXR4W42GG;
				DYLIB_COMPATIBILITY_VERSION = 1;
				DYLIB_CURRENT_VERSION = 1;
				DYLIB_INSTALL_NAME_BASE = "@rpath";
				EXCLUDED_ARCHS = armv7;
				INFOPLIST_FILE = RoutingHTTPServer/Info.plist;
				INSTALL_PATH = "$(LOCAL_LIBRARY_DIR)/Frameworks";
				IPHONEOS_DEPLOYMENT_TARGET = 13.1;
				LD_RUNPATH_SEARCH_PATHS = (
					"$(inherited)",
					"@executable_path/Frameworks",
					"@loader_path/Frameworks",
				);
				ONLY_ACTIVE_ARCH = YES;
				PRODUCT_BUNDLE_IDENTIFIER = com.oz.RoutingHTTPServer;
				PRODUCT_NAME = "$(TARGET_NAME:c99extidentifier)";
				SKIP_INSTALL = YES;
				TARGETED_DEVICE_FAMILY = "1,2";
			};
			name = Release;
		};
/* End XCBuildConfiguration section */

/* Begin XCConfigurationList section */
		35837DB425886B1000A69BE9 /* Build configuration list for PBXProject "RoutingHTTPServer" */ = {
			isa = XCConfigurationList;
			buildConfigurations = (
				35837DC025886B1000A69BE9 /* Debug */,
				35837DC125886B1000A69BE9 /* Release */,
			);
			defaultConfigurationIsVisible = 0;
			defaultConfigurationName = Release;
		};
		35837DC225886B1000A69BE9 /* Build configuration list for PBXNativeTarget "RoutingHTTPServer" */ = {
			isa = XCConfigurationList;
			buildConfigurations = (
				35837DC325886B1000A69BE9 /* Debug */,
				35837DC425886B1000A69BE9 /* Release */,
			);
			defaultConfigurationIsVisible = 0;
			defaultConfigurationName = Release;
		};
/* End XCConfigurationList section */
	};
	rootObject = 35837DB125886B1000A69BE9 /* Project object */;
}
